// !$*UTF8*$!
{
	archiveVersion = 1;
	classes = {
	};
	objectVersion = 77;
	objects = {

/* Begin PBXBuildFile section */
		7A6A0F242CDC536F0024F943 /* AppDelegate.swift in Sources */ = {isa = PBXBuildFile; fileRef = 7A6A0F1D2CDC536F0024F943 /* AppDelegate.swift */; };
		7A6A0F252CDC536F0024F943 /* SceneDelegate.swift in Sources */ = {isa = PBXBuildFile; fileRef = 7A6A0F222CDC536F0024F943 /* SceneDelegate.swift */; };
		7A6A0F262CDC536F0024F943 /* Assets.xcassets in Resources */ = {isa = PBXBuildFile; fileRef = 7A6A0F1E2CDC536F0024F943 /* Assets.xcassets */; };
		7A6A0F282CDC536F0024F943 /* LaunchScreen.storyboard in Resources */ = {isa = PBXBuildFile; fileRef = 7A6A0F212CDC536F0024F943 /* LaunchScreen.storyboard */; };
		7A6A0F312CDC53F60024F943 /* BaseViewController.swift in Sources */ = {isa = PBXBuildFile; fileRef = 7A6A0F302CDC53F60024F943 /* BaseViewController.swift */; };
		7A6A0F342CDC545C0024F943 /* SnapKit-Dynamic in Frameworks */ = {isa = PBXBuildFile; productRef = 7A6A0F332CDC545C0024F943 /* SnapKit-Dynamic */; };
		7A6A0F362CDC55010024F943 /* InitialViewController.swift in Sources */ = {isa = PBXBuildFile; fileRef = 7A6A0F352CDC55010024F943 /* InitialViewController.swift */; };
		7A6A0F3A2CDC55160024F943 /* InitialViewModel.swift in Sources */ = {isa = PBXBuildFile; fileRef = 7A6A0F392CDC55160024F943 /* InitialViewModel.swift */; };
/* End PBXBuildFile section */

/* Begin PBXContainerItemProxy section */
		7A6A0EE42CDC421E0024F943 /* PBXContainerItemProxy */ = {
			isa = PBXContainerItemProxy;
			containerPortal = 7A6A0EC52CDC421D0024F943 /* Project object */;
			proxyType = 1;
			remoteGlobalIDString = 7A6A0ECC2CDC421D0024F943;
			remoteInfo = FriendListDemo;
		};
		7A6A0EEE2CDC421E0024F943 /* PBXContainerItemProxy */ = {
			isa = PBXContainerItemProxy;
			containerPortal = 7A6A0EC52CDC421D0024F943 /* Project object */;
			proxyType = 1;
			remoteGlobalIDString = 7A6A0ECC2CDC421D0024F943;
			remoteInfo = FriendListDemo;
		};
/* End PBXContainerItemProxy section */

/* Begin PBXFileReference section */
		7A6A0ECD2CDC421D0024F943 /* FriendListDemo.app */ = {isa = PBXFileReference; explicitFileType = wrapper.application; includeInIndex = 0; path = FriendListDemo.app; sourceTree = BUILT_PRODUCTS_DIR; };
		7A6A0EE32CDC421E0024F943 /* FriendListDemoTests.xctest */ = {isa = PBXFileReference; explicitFileType = wrapper.cfbundle; includeInIndex = 0; path = FriendListDemoTests.xctest; sourceTree = BUILT_PRODUCTS_DIR; };
		7A6A0EED2CDC421E0024F943 /* FriendListDemoUITests.xctest */ = {isa = PBXFileReference; explicitFileType = wrapper.cfbundle; includeInIndex = 0; path = FriendListDemoUITests.xctest; sourceTree = BUILT_PRODUCTS_DIR; };
		7A6A0F1D2CDC536F0024F943 /* AppDelegate.swift */ = {isa = PBXFileReference; lastKnownFileType = sourcecode.swift; path = AppDelegate.swift; sourceTree = "<group>"; };
		7A6A0F1E2CDC536F0024F943 /* Assets.xcassets */ = {isa = PBXFileReference; lastKnownFileType = folder.assetcatalog; path = Assets.xcassets; sourceTree = "<group>"; };
		7A6A0F1F2CDC536F0024F943 /* Info.plist */ = {isa = PBXFileReference; lastKnownFileType = text.plist.xml; path = Info.plist; sourceTree = "<group>"; };
		7A6A0F202CDC536F0024F943 /* Base */ = {isa = PBXFileReference; lastKnownFileType = file.storyboard; name = Base; path = Base.lproj/LaunchScreen.storyboard; sourceTree = "<group>"; };
		7A6A0F222CDC536F0024F943 /* SceneDelegate.swift */ = {isa = PBXFileReference; lastKnownFileType = sourcecode.swift; path = SceneDelegate.swift; sourceTree = "<group>"; };
		7A6A0F302CDC53F60024F943 /* BaseViewController.swift */ = {isa = PBXFileReference; lastKnownFileType = sourcecode.swift; path = BaseViewController.swift; sourceTree = "<group>"; };
		7A6A0F352CDC55010024F943 /* InitialViewController.swift */ = {isa = PBXFileReference; lastKnownFileType = sourcecode.swift; path = InitialViewController.swift; sourceTree = "<group>"; };
		7A6A0F392CDC55160024F943 /* InitialViewModel.swift */ = {isa = PBXFileReference; lastKnownFileType = sourcecode.swift; path = InitialViewModel.swift; sourceTree = "<group>"; };
/* End PBXFileReference section */

/* Begin PBXFileSystemSynchronizedRootGroup section */
		7A6A0EE62CDC421E0024F943 /* FriendListDemoTests */ = {
			isa = PBXFileSystemSynchronizedRootGroup;
			path = FriendListDemoTests;
			sourceTree = "<group>";
		};
		7A6A0EF02CDC421E0024F943 /* FriendListDemoUITests */ = {
			isa = PBXFileSystemSynchronizedRootGroup;
			path = FriendListDemoUITests;
			sourceTree = "<group>";
		};
/* End PBXFileSystemSynchronizedRootGroup section */

/* Begin PBXFrameworksBuildPhase section */
		7A6A0ECA2CDC421D0024F943 /* Frameworks */ = {
			isa = PBXFrameworksBuildPhase;
			buildActionMask = 2147483647;
			files = (
				7A6A0F342CDC545C0024F943 /* SnapKit-Dynamic in Frameworks */,
			);
			runOnlyForDeploymentPostprocessing = 0;
		};
		7A6A0EE02CDC421E0024F943 /* Frameworks */ = {
			isa = PBXFrameworksBuildPhase;
			buildActionMask = 2147483647;
			files = (
			);
			runOnlyForDeploymentPostprocessing = 0;
		};
		7A6A0EEA2CDC421E0024F943 /* Frameworks */ = {
			isa = PBXFrameworksBuildPhase;
			buildActionMask = 2147483647;
			files = (
			);
			runOnlyForDeploymentPostprocessing = 0;
		};
/* End PBXFrameworksBuildPhase section */

/* Begin PBXGroup section */
		7A6A0EC42CDC421D0024F943 = {
			isa = PBXGroup;
			children = (
				7A6A0F232CDC536F0024F943 /* FriendListDemo */,
				7A6A0EE62CDC421E0024F943 /* FriendListDemoTests */,
				7A6A0EF02CDC421E0024F943 /* FriendListDemoUITests */,
				7A6A0ECE2CDC421D0024F943 /* Products */,
			);
			sourceTree = "<group>";
		};
		7A6A0ECE2CDC421D0024F943 /* Products */ = {
			isa = PBXGroup;
			children = (
				7A6A0ECD2CDC421D0024F943 /* FriendListDemo.app */,
				7A6A0EE32CDC421E0024F943 /* FriendListDemoTests.xctest */,
				7A6A0EED2CDC421E0024F943 /* FriendListDemoUITests.xctest */,
			);
			name = Products;
			sourceTree = "<group>";
		};
		7A6A0F1A2CDC536F0024F943 /* Features */ = {
			isa = PBXGroup;
			children = (
				7A6A0F292CDC53B40024F943 /* Initial */,
			);
			path = Features;
			sourceTree = "<group>";
		};
		7A6A0F1B2CDC536F0024F943 /* Network */ = {
			isa = PBXGroup;
			children = (
			);
			path = Network;
			sourceTree = "<group>";
		};
		7A6A0F1C2CDC536F0024F943 /* Repository */ = {
			isa = PBXGroup;
			children = (
			);
			path = Repository;
			sourceTree = "<group>";
		};
		7A6A0F232CDC536F0024F943 /* FriendListDemo */ = {
			isa = PBXGroup;
			children = (
				7A6A0F2C2CDC53C90024F943 /* Core */,
				7A6A0F1B2CDC536F0024F943 /* Network */,
				7A6A0F1A2CDC536F0024F943 /* Features */,
				7A6A0F1C2CDC536F0024F943 /* Repository */,
				7A6A0F1D2CDC536F0024F943 /* AppDelegate.swift */,
				7A6A0F222CDC536F0024F943 /* SceneDelegate.swift */,
				7A6A0F1E2CDC536F0024F943 /* Assets.xcassets */,
				7A6A0F1F2CDC536F0024F943 /* Info.plist */,
				7A6A0F212CDC536F0024F943 /* LaunchScreen.storyboard */,
			);
			path = FriendListDemo;
			sourceTree = "<group>";
		};
		7A6A0F292CDC53B40024F943 /* Initial */ = {
			isa = PBXGroup;
			children = (
				7A6A0F352CDC55010024F943 /* InitialViewController.swift */,
				7A6A0F392CDC55160024F943 /* InitialViewModel.swift */,
			);
			path = Initial;
			sourceTree = "<group>";
		};
		7A6A0F2C2CDC53C90024F943 /* Core */ = {
			isa = PBXGroup;
			children = (
				7A6A0F2F2CDC53DA0024F943 /* Base */,
			);
			path = Core;
			sourceTree = "<group>";
		};
		7A6A0F2F2CDC53DA0024F943 /* Base */ = {
			isa = PBXGroup;
			children = (
				7A6A0F302CDC53F60024F943 /* BaseViewController.swift */,
			);
			path = Base;
			sourceTree = "<group>";
		};
/* End PBXGroup section */

/* Begin PBXNativeTarget section */
		7A6A0ECC2CDC421D0024F943 /* FriendListDemo */ = {
			isa = PBXNativeTarget;
			buildConfigurationList = 7A6A0EF62CDC421E0024F943 /* Build configuration list for PBXNativeTarget "FriendListDemo" */;
			buildPhases = (
				7A6A0EC92CDC421D0024F943 /* Sources */,
				7A6A0ECA2CDC421D0024F943 /* Frameworks */,
				7A6A0ECB2CDC421D0024F943 /* Resources */,
			);
			buildRules = (
			);
			dependencies = (
			);
			name = FriendListDemo;
			packageProductDependencies = (
				7A6A0F332CDC545C0024F943 /* SnapKit-Dynamic */,
			);
			productName = FriendListDemo;
			productReference = 7A6A0ECD2CDC421D0024F943 /* FriendListDemo.app */;
			productType = "com.apple.product-type.application";
		};
		7A6A0EE22CDC421E0024F943 /* FriendListDemoTests */ = {
			isa = PBXNativeTarget;
			buildConfigurationList = 7A6A0EFB2CDC421E0024F943 /* Build configuration list for PBXNativeTarget "FriendListDemoTests" */;
			buildPhases = (
				7A6A0EDF2CDC421E0024F943 /* Sources */,
				7A6A0EE02CDC421E0024F943 /* Frameworks */,
				7A6A0EE12CDC421E0024F943 /* Resources */,
			);
			buildRules = (
			);
			dependencies = (
				7A6A0EE52CDC421E0024F943 /* PBXTargetDependency */,
			);
			fileSystemSynchronizedGroups = (
				7A6A0EE62CDC421E0024F943 /* FriendListDemoTests */,
			);
			name = FriendListDemoTests;
			packageProductDependencies = (
			);
			productName = FriendListDemoTests;
			productReference = 7A6A0EE32CDC421E0024F943 /* FriendListDemoTests.xctest */;
			productType = "com.apple.product-type.bundle.unit-test";
		};
		7A6A0EEC2CDC421E0024F943 /* FriendListDemoUITests */ = {
			isa = PBXNativeTarget;
			buildConfigurationList = 7A6A0EFE2CDC421E0024F943 /* Build configuration list for PBXNativeTarget "FriendListDemoUITests" */;
			buildPhases = (
				7A6A0EE92CDC421E0024F943 /* Sources */,
				7A6A0EEA2CDC421E0024F943 /* Frameworks */,
				7A6A0EEB2CDC421E0024F943 /* Resources */,
			);
			buildRules = (
			);
			dependencies = (
				7A6A0EEF2CDC421E0024F943 /* PBXTargetDependency */,
			);
			fileSystemSynchronizedGroups = (
				7A6A0EF02CDC421E0024F943 /* FriendListDemoUITests */,
			);
			name = FriendListDemoUITests;
			packageProductDependencies = (
			);
			productName = FriendListDemoUITests;
			productReference = 7A6A0EED2CDC421E0024F943 /* FriendListDemoUITests.xctest */;
			productType = "com.apple.product-type.bundle.ui-testing";
		};
/* End PBXNativeTarget section */

/* Begin PBXProject section */
		7A6A0EC52CDC421D0024F943 /* Project object */ = {
			isa = PBXProject;
			attributes = {
				BuildIndependentTargetsInParallel = 1;
				LastSwiftUpdateCheck = 1600;
				LastUpgradeCheck = 1600;
				TargetAttributes = {
					7A6A0ECC2CDC421D0024F943 = {
						CreatedOnToolsVersion = 16.0;
					};
					7A6A0EE22CDC421E0024F943 = {
						CreatedOnToolsVersion = 16.0;
						TestTargetID = 7A6A0ECC2CDC421D0024F943;
					};
					7A6A0EEC2CDC421E0024F943 = {
						CreatedOnToolsVersion = 16.0;
						TestTargetID = 7A6A0ECC2CDC421D0024F943;
					};
				};
			};
			buildConfigurationList = 7A6A0EC82CDC421D0024F943 /* Build configuration list for PBXProject "FriendListDemo" */;
			developmentRegion = en;
			hasScannedForEncodings = 0;
			knownRegions = (
				en,
				Base,
			);
			mainGroup = 7A6A0EC42CDC421D0024F943;
			minimizedProjectReferenceProxies = 1;
			packageReferences = (
				7A6A0F322CDC545C0024F943 /* XCRemoteSwiftPackageReference "SnapKit" */,
			);
			preferredProjectObjectVersion = 77;
			productRefGroup = 7A6A0ECE2CDC421D0024F943 /* Products */;
			projectDirPath = "";
			projectRoot = "";
			targets = (
				7A6A0ECC2CDC421D0024F943 /* FriendListDemo */,
				7A6A0EE22CDC421E0024F943 /* FriendListDemoTests */,
				7A6A0EEC2CDC421E0024F943 /* FriendListDemoUITests */,
			);
		};
/* End PBXProject section */

/* Begin PBXResourcesBuildPhase section */
		7A6A0ECB2CDC421D0024F943 /* Resources */ = {
			isa = PBXResourcesBuildPhase;
			buildActionMask = 2147483647;
			files = (
				7A6A0F262CDC536F0024F943 /* Assets.xcassets in Resources */,
				7A6A0F282CDC536F0024F943 /* LaunchScreen.storyboard in Resources */,
			);
			runOnlyForDeploymentPostprocessing = 0;
		};
		7A6A0EE12CDC421E0024F943 /* Resources */ = {
			isa = PBXResourcesBuildPhase;
			buildActionMask = 2147483647;
			files = (
			);
			runOnlyForDeploymentPostprocessing = 0;
		};
		7A6A0EEB2CDC421E0024F943 /* Resources */ = {
			isa = PBXResourcesBuildPhase;
			buildActionMask = 2147483647;
			files = (
			);
			runOnlyForDeploymentPostprocessing = 0;
		};
/* End PBXResourcesBuildPhase section */

/* Begin PBXSourcesBuildPhase section */
		7A6A0EC92CDC421D0024F943 /* Sources */ = {
			isa = PBXSourcesBuildPhase;
			buildActionMask = 2147483647;
			files = (
				7A6A0F242CDC536F0024F943 /* AppDelegate.swift in Sources */,
				7A6A0F3A2CDC55160024F943 /* InitialViewModel.swift in Sources */,
				7A6A0F252CDC536F0024F943 /* SceneDelegate.swift in Sources */,
				7A6A0F312CDC53F60024F943 /* BaseViewController.swift in Sources */,
				7A6A0F362CDC55010024F943 /* InitialViewController.swift in Sources */,
			);
			runOnlyForDeploymentPostprocessing = 0;
		};
		7A6A0EDF2CDC421E0024F943 /* Sources */ = {
			isa = PBXSourcesBuildPhase;
			buildActionMask = 2147483647;
			files = (
			);
			runOnlyForDeploymentPostprocessing = 0;
		};
		7A6A0EE92CDC421E0024F943 /* Sources */ = {
			isa = PBXSourcesBuildPhase;
			buildActionMask = 2147483647;
			files = (
			);
			runOnlyForDeploymentPostprocessing = 0;
		};
/* End PBXSourcesBuildPhase section */

/* Begin PBXTargetDependency section */
		7A6A0EE52CDC421E0024F943 /* PBXTargetDependency */ = {
			isa = PBXTargetDependency;
			target = 7A6A0ECC2CDC421D0024F943 /* FriendListDemo */;
			targetProxy = 7A6A0EE42CDC421E0024F943 /* PBXContainerItemProxy */;
		};
		7A6A0EEF2CDC421E0024F943 /* PBXTargetDependency */ = {
			isa = PBXTargetDependency;
			target = 7A6A0ECC2CDC421D0024F943 /* FriendListDemo */;
			targetProxy = 7A6A0EEE2CDC421E0024F943 /* PBXContainerItemProxy */;
		};
/* End PBXTargetDependency section */

/* Begin PBXVariantGroup section */
		7A6A0F212CDC536F0024F943 /* LaunchScreen.storyboard */ = {
			isa = PBXVariantGroup;
			children = (
				7A6A0F202CDC536F0024F943 /* Base */,
			);
			name = LaunchScreen.storyboard;
			sourceTree = "<group>";
		};
/* End PBXVariantGroup section */

/* Begin XCBuildConfiguration section */
		7A6A0EF72CDC421E0024F943 /* Debug */ = {
			isa = XCBuildConfiguration;
			buildSettings = {
				ASSETCATALOG_COMPILER_APPICON_NAME = AppIcon;
				ASSETCATALOG_COMPILER_GLOBAL_ACCENT_COLOR_NAME = AccentColor;
				CODE_SIGN_STYLE = Automatic;
				CURRENT_PROJECT_VERSION = 1;
				GENERATE_INFOPLIST_FILE = YES;
				INFOPLIST_FILE = FriendListDemo/Info.plist;
				INFOPLIST_KEY_UIApplicationSupportsIndirectInputEvents = YES;
				INFOPLIST_KEY_UILaunchStoryboardName = LaunchScreen;
				INFOPLIST_KEY_UISupportedInterfaceOrientations = UIInterfaceOrientationPortrait;
				INFOPLIST_KEY_UISupportedInterfaceOrientations_iPad = "UIInterfaceOrientationLandscapeLeft UIInterfaceOrientationLandscapeRight UIInterfaceOrientationPortrait UIInterfaceOrientationPortraitUpsideDown";
				IPHONEOS_DEPLOYMENT_TARGET = 13.0;
				LD_RUNPATH_SEARCH_PATHS = (
					"$(inherited)",
					"@executable_path/Frameworks",
				);
				MARKETING_VERSION = 1.0;
				PRODUCT_BUNDLE_IDENTIFIER = com.tpi.FriendListDemo;
				PRODUCT_NAME = "$(TARGET_NAME)";
				SUPPORTED_PLATFORMS = "iphoneos iphonesimulator";
				SUPPORTS_MACCATALYST = NO;
				SUPPORTS_MAC_DESIGNED_FOR_IPHONE_IPAD = NO;
				SUPPORTS_XR_DESIGNED_FOR_IPHONE_IPAD = NO;
				SWIFT_EMIT_LOC_STRINGS = YES;
				SWIFT_VERSION = 5.0;
				TARGETED_DEVICE_FAMILY = 1;
			};
			name = Debug;
		};
		7A6A0EF82CDC421E0024F943 /* Release */ = {
			isa = XCBuildConfiguration;
			buildSettings = {
				ASSETCATALOG_COMPILER_APPICON_NAME = AppIcon;
				ASSETCATALOG_COMPILER_GLOBAL_ACCENT_COLOR_NAME = AccentColor;
				CODE_SIGN_STYLE = Automatic;
				CURRENT_PROJECT_VERSION = 1;
				GENERATE_INFOPLIST_FILE = YES;
				INFOPLIST_FILE = FriendListDemo/Info.plist;
				INFOPLIST_KEY_UIApplicationSupportsIndirectInputEvents = YES;
				INFOPLIST_KEY_UILaunchStoryboardName = LaunchScreen;
				INFOPLIST_KEY_UISupportedInterfaceOrientations = UIInterfaceOrientationPortrait;
				INFOPLIST_KEY_UISupportedInterfaceOrientations_iPad = "UIInterfaceOrientationLandscapeLeft UIInterfaceOrientationLandscapeRight UIInterfaceOrientationPortrait UIInterfaceOrientationPortraitUpsideDown";
				IPHONEOS_DEPLOYMENT_TARGET = 13.0;
				LD_RUNPATH_SEARCH_PATHS = (
					"$(inherited)",
					"@executable_path/Frameworks",
				);
				MARKETING_VERSION = 1.0;
				PRODUCT_BUNDLE_IDENTIFIER = com.tpi.FriendListDemo;
				PRODUCT_NAME = "$(TARGET_NAME)";
				SUPPORTED_PLATFORMS = "iphoneos iphonesimulator";
				SUPPORTS_MACCATALYST = NO;
				SUPPORTS_MAC_DESIGNED_FOR_IPHONE_IPAD = NO;
				SUPPORTS_XR_DESIGNED_FOR_IPHONE_IPAD = NO;
				SWIFT_EMIT_LOC_STRINGS = YES;
				SWIFT_VERSION = 5.0;
				TARGETED_DEVICE_FAMILY = 1;
			};
			name = Release;
		};
		7A6A0EF92CDC421E0024F943 /* Debug */ = {
			isa = XCBuildConfiguration;
			buildSettings = {
				ALWAYS_SEARCH_USER_PATHS = NO;
				ASSETCATALOG_COMPILER_GENERATE_SWIFT_ASSET_SYMBOL_EXTENSIONS = YES;
				CLANG_ANALYZER_NONNULL = YES;
				CLANG_ANALYZER_NUMBER_OBJECT_CONVERSION = YES_AGGRESSIVE;
				CLANG_CXX_LANGUAGE_STANDARD = "gnu++20";
				CLANG_ENABLE_MODULES = YES;
				CLANG_ENABLE_OBJC_ARC = YES;
				CLANG_ENABLE_OBJC_WEAK = YES;
				CLANG_WARN_BLOCK_CAPTURE_AUTORELEASING = YES;
				CLANG_WARN_BOOL_CONVERSION = YES;
				CLANG_WARN_COMMA = YES;
				CLANG_WARN_CONSTANT_CONVERSION = YES;
				CLANG_WARN_DEPRECATED_OBJC_IMPLEMENTATIONS = YES;
				CLANG_WARN_DIRECT_OBJC_ISA_USAGE = YES_ERROR;
				CLANG_WARN_DOCUMENTATION_COMMENTS = YES;
				CLANG_WARN_EMPTY_BODY = YES;
				CLANG_WARN_ENUM_CONVERSION = YES;
				CLANG_WARN_INFINITE_RECURSION = YES;
				CLANG_WARN_INT_CONVERSION = YES;
				CLANG_WARN_NON_LITERAL_NULL_CONVERSION = YES;
				CLANG_WARN_OBJC_IMPLICIT_RETAIN_SELF = YES;
				CLANG_WARN_OBJC_LITERAL_CONVERSION = YES;
				CLANG_WARN_OBJC_ROOT_CLASS = YES_ERROR;
				CLANG_WARN_QUOTED_INCLUDE_IN_FRAMEWORK_HEADER = YES;
				CLANG_WARN_RANGE_LOOP_ANALYSIS = YES;
				CLANG_WARN_STRICT_PROTOTYPES = YES;
				CLANG_WARN_SUSPICIOUS_MOVE = YES;
				CLANG_WARN_UNGUARDED_AVAILABILITY = YES_AGGRESSIVE;
				CLANG_WARN_UNREACHABLE_CODE = YES;
				CLANG_WARN__DUPLICATE_METHOD_MATCH = YES;
				COPY_PHASE_STRIP = NO;
				DEBUG_INFORMATION_FORMAT = dwarf;
				ENABLE_STRICT_OBJC_MSGSEND = YES;
				ENABLE_TESTABILITY = YES;
				ENABLE_USER_SCRIPT_SANDBOXING = YES;
				GCC_C_LANGUAGE_STANDARD = gnu17;
				GCC_DYNAMIC_NO_PIC = NO;
				GCC_NO_COMMON_BLOCKS = YES;
				GCC_OPTIMIZATION_LEVEL = 0;
				GCC_PREPROCESSOR_DEFINITIONS = (
					"DEBUG=1",
					"$(inherited)",
				);
				GCC_WARN_64_TO_32_BIT_CONVERSION = YES;
				GCC_WARN_ABOUT_RETURN_TYPE = YES_ERROR;
				GCC_WARN_UNDECLARED_SELECTOR = YES;
				GCC_WARN_UNINITIALIZED_AUTOS = YES_AGGRESSIVE;
				GCC_WARN_UNUSED_FUNCTION = YES;
				GCC_WARN_UNUSED_VARIABLE = YES;
				IPHONEOS_DEPLOYMENT_TARGET = 18.0;
				LOCALIZATION_PREFERS_STRING_CATALOGS = YES;
				MTL_ENABLE_DEBUG_INFO = INCLUDE_SOURCE;
				MTL_FAST_MATH = YES;
				ONLY_ACTIVE_ARCH = YES;
				SDKROOT = iphoneos;
				SWIFT_ACTIVE_COMPILATION_CONDITIONS = "DEBUG $(inherited)";
				SWIFT_OPTIMIZATION_LEVEL = "-Onone";
			};
			name = Debug;
		};
		7A6A0EFA2CDC421E0024F943 /* Release */ = {
			isa = XCBuildConfiguration;
			buildSettings = {
				ALWAYS_SEARCH_USER_PATHS = NO;
				ASSETCATALOG_COMPILER_GENERATE_SWIFT_ASSET_SYMBOL_EXTENSIONS = YES;
				CLANG_ANALYZER_NONNULL = YES;
				CLANG_ANALYZER_NUMBER_OBJECT_CONVERSION = YES_AGGRESSIVE;
				CLANG_CXX_LANGUAGE_STANDARD = "gnu++20";
				CLANG_ENABLE_MODULES = YES;
				CLANG_ENABLE_OBJC_ARC = YES;
				CLANG_ENABLE_OBJC_WEAK = YES;
				CLANG_WARN_BLOCK_CAPTURE_AUTORELEASING = YES;
				CLANG_WARN_BOOL_CONVERSION = YES;
				CLANG_WARN_COMMA = YES;
				CLANG_WARN_CONSTANT_CONVERSION = YES;
				CLANG_WARN_DEPRECATED_OBJC_IMPLEMENTATIONS = YES;
				CLANG_WARN_DIRECT_OBJC_ISA_USAGE = YES_ERROR;
				CLANG_WARN_DOCUMENTATION_COMMENTS = YES;
				CLANG_WARN_EMPTY_BODY = YES;
				CLANG_WARN_ENUM_CONVERSION = YES;
				CLANG_WARN_INFINITE_RECURSION = YES;
				CLANG_WARN_INT_CONVERSION = YES;
				CLANG_WARN_NON_LITERAL_NULL_CONVERSION = YES;
				CLANG_WARN_OBJC_IMPLICIT_RETAIN_SELF = YES;
				CLANG_WARN_OBJC_LITERAL_CONVERSION = YES;
				CLANG_WARN_OBJC_ROOT_CLASS = YES_ERROR;
				CLANG_WARN_QUOTED_INCLUDE_IN_FRAMEWORK_HEADER = YES;
				CLANG_WARN_RANGE_LOOP_ANALYSIS = YES;
				CLANG_WARN_STRICT_PROTOTYPES = YES;
				CLANG_WARN_SUSPICIOUS_MOVE = YES;
				CLANG_WARN_UNGUARDED_AVAILABILITY = YES_AGGRESSIVE;
				CLANG_WARN_UNREACHABLE_CODE = YES;
				CLANG_WARN__DUPLICATE_METHOD_MATCH = YES;
				COPY_PHASE_STRIP = NO;
				DEBUG_INFORMATION_FORMAT = "dwarf-with-dsym";
				ENABLE_NS_ASSERTIONS = NO;
				ENABLE_STRICT_OBJC_MSGSEND = YES;
				ENABLE_USER_SCRIPT_SANDBOXING = YES;
				GCC_C_LANGUAGE_STANDARD = gnu17;
				GCC_NO_COMMON_BLOCKS = YES;
				GCC_WARN_64_TO_32_BIT_CONVERSION = YES;
				GCC_WARN_ABOUT_RETURN_TYPE = YES_ERROR;
				GCC_WARN_UNDECLARED_SELECTOR = YES;
				GCC_WARN_UNINITIALIZED_AUTOS = YES_AGGRESSIVE;
				GCC_WARN_UNUSED_FUNCTION = YES;
				GCC_WARN_UNUSED_VARIABLE = YES;
				IPHONEOS_DEPLOYMENT_TARGET = 18.0;
				LOCALIZATION_PREFERS_STRING_CATALOGS = YES;
				MTL_ENABLE_DEBUG_INFO = NO;
				MTL_FAST_MATH = YES;
				SDKROOT = iphoneos;
				SWIFT_COMPILATION_MODE = wholemodule;
				VALIDATE_PRODUCT = YES;
			};
			name = Release;
		};
		7A6A0EFC2CDC421E0024F943 /* Debug */ = {
			isa = XCBuildConfiguration;
			buildSettings = {
				BUNDLE_LOADER = "$(TEST_HOST)";
				CODE_SIGN_STYLE = Automatic;
				CURRENT_PROJECT_VERSION = 1;
				GENERATE_INFOPLIST_FILE = YES;
				IPHONEOS_DEPLOYMENT_TARGET = 18.0;
				MARKETING_VERSION = 1.0;
				PRODUCT_BUNDLE_IDENTIFIER = com.tpi.FriendListDemoTests;
				PRODUCT_NAME = "$(TARGET_NAME)";
				SWIFT_EMIT_LOC_STRINGS = NO;
				SWIFT_VERSION = 5.0;
				TARGETED_DEVICE_FAMILY = "1,2";
				TEST_HOST = "$(BUILT_PRODUCTS_DIR)/FriendListDemo.app/$(BUNDLE_EXECUTABLE_FOLDER_PATH)/FriendListDemo";
			};
			name = Debug;
		};
		7A6A0EFD2CDC421E0024F943 /* Release */ = {
			isa = XCBuildConfiguration;
			buildSettings = {
				BUNDLE_LOADER = "$(TEST_HOST)";
				CODE_SIGN_STYLE = Automatic;
				CURRENT_PROJECT_VERSION = 1;
				GENERATE_INFOPLIST_FILE = YES;
				IPHONEOS_DEPLOYMENT_TARGET = 18.0;
				MARKETING_VERSION = 1.0;
				PRODUCT_BUNDLE_IDENTIFIER = com.tpi.FriendListDemoTests;
				PRODUCT_NAME = "$(TARGET_NAME)";
				SWIFT_EMIT_LOC_STRINGS = NO;
				SWIFT_VERSION = 5.0;
				TARGETED_DEVICE_FAMILY = "1,2";
				TEST_HOST = "$(BUILT_PRODUCTS_DIR)/FriendListDemo.app/$(BUNDLE_EXECUTABLE_FOLDER_PATH)/FriendListDemo";
			};
			name = Release;
		};
		7A6A0EFF2CDC421E0024F943 /* Debug */ = {
			isa = XCBuildConfiguration;
			buildSettings = {
				CODE_SIGN_STYLE = Automatic;
				CURRENT_PROJECT_VERSION = 1;
				GENERATE_INFOPLIST_FILE = YES;
				MARKETING_VERSION = 1.0;
				PRODUCT_BUNDLE_IDENTIFIER = com.tpi.FriendListDemoUITests;
				PRODUCT_NAME = "$(TARGET_NAME)";
				SWIFT_EMIT_LOC_STRINGS = NO;
				SWIFT_VERSION = 5.0;
				TARGETED_DEVICE_FAMILY = "1,2";
				TEST_TARGET_NAME = FriendListDemo;
			};
			name = Debug;
		};
		7A6A0F002CDC421E0024F943 /* Release */ = {
			isa = XCBuildConfiguration;
			buildSettings = {
				CODE_SIGN_STYLE = Automatic;
				CURRENT_PROJECT_VERSION = 1;
				GENERATE_INFOPLIST_FILE = YES;
				MARKETING_VERSION = 1.0;
				PRODUCT_BUNDLE_IDENTIFIER = com.tpi.FriendListDemoUITests;
				PRODUCT_NAME = "$(TARGET_NAME)";
				SWIFT_EMIT_LOC_STRINGS = NO;
				SWIFT_VERSION = 5.0;
				TARGETED_DEVICE_FAMILY = "1,2";
				TEST_TARGET_NAME = FriendListDemo;
			};
			name = Release;
		};
/* End XCBuildConfiguration section */

/* Begin XCConfigurationList section */
		7A6A0EC82CDC421D0024F943 /* Build configuration list for PBXProject "FriendListDemo" */ = {
			isa = XCConfigurationList;
			buildConfigurations = (
				7A6A0EF92CDC421E0024F943 /* Debug */,
				7A6A0EFA2CDC421E0024F943 /* Release */,
			);
			defaultConfigurationIsVisible = 0;
			defaultConfigurationName = Release;
		};
		7A6A0EF62CDC421E0024F943 /* Build configuration list for PBXNativeTarget "FriendListDemo" */ = {
			isa = XCConfigurationList;
			buildConfigurations = (
				7A6A0EF72CDC421E0024F943 /* Debug */,
				7A6A0EF82CDC421E0024F943 /* Release */,
			);
			defaultConfigurationIsVisible = 0;
			defaultConfigurationName = Release;
		};
		7A6A0EFB2CDC421E0024F943 /* Build configuration list for PBXNativeTarget "FriendListDemoTests" */ = {
			isa = XCConfigurationList;
			buildConfigurations = (
				7A6A0EFC2CDC421E0024F943 /* Debug */,
				7A6A0EFD2CDC421E0024F943 /* Release */,
			);
			defaultConfigurationIsVisible = 0;
			defaultConfigurationName = Release;
		};
		7A6A0EFE2CDC421E0024F943 /* Build configuration list for PBXNativeTarget "FriendListDemoUITests" */ = {
			isa = XCConfigurationList;
			buildConfigurations = (
				7A6A0EFF2CDC421E0024F943 /* Debug */,
				7A6A0F002CDC421E0024F943 /* Release */,
			);
			defaultConfigurationIsVisible = 0;
			defaultConfigurationName = Release;
		};
/* End XCConfigurationList section */

/* Begin XCRemoteSwiftPackageReference section */
		7A6A0F322CDC545C0024F943 /* XCRemoteSwiftPackageReference "SnapKit" */ = {
			isa = XCRemoteSwiftPackageReference;
			repositoryURL = "https://github.com/SnapKit/SnapKit.git";
			requirement = {
				kind = upToNextMajorVersion;
				minimumVersion = 5.7.1;
			};
		};
/* End XCRemoteSwiftPackageReference section */

/* Begin XCSwiftPackageProductDependency section */
		7A6A0F332CDC545C0024F943 /* SnapKit-Dynamic */ = {
			isa = XCSwiftPackageProductDependency;
			package = 7A6A0F322CDC545C0024F943 /* XCRemoteSwiftPackageReference "SnapKit" */;
			productName = "SnapKit-Dynamic";
		};
/* End XCSwiftPackageProductDependency section */
	};
	rootObject = 7A6A0EC52CDC421D0024F943 /* Project object */;
}
